
Microsoft Visual Studio Solution File, Format Version 12.00
# Visual Studio 14
VisualStudioVersion = 14.0.23107.0
MinimumVisualStudioVersion = 10.0.40219.1
Project("{FAE04EC0-301F-11D3-BF4B-00C04F79EFBC}") = "SalonIrisTicketsSchedule", "SalonIrisTicketsSchedule\SalonIrisTicketsSchedule.csproj", "{96E58384-97DD-4589-A2E6-AB8A133662DB}"
EndProject
Project("{54435603-DBB4-11D2-8724-00A0C9A8B90C}") = "Setup1", "Setup1\Setup1.vdproj", "{B9648A05-9620-4248-A939-31005DCE1B10}"
EndProject
Global
	GlobalSection(SolutionConfigurationPlatforms) = preSolution
		Debug|Any CPU = Debug|Any CPU
		Release|Any CPU = Release|Any CPU
	EndGlobalSection
	GlobalSection(ProjectConfigurationPlatforms) = postSolution
		{96E58384-97DD-4589-A2E6-AB8A133662DB}.Debug|Any CPU.ActiveCfg = Debug|Any CPU
		{96E58384-97DD-4589-A2E6-AB8A133662DB}.Debug|Any CPU.Build.0 = Debug|Any CPU
		{96E58384-97DD-4589-A2E6-AB8A133662DB}.Release|Any CPU.ActiveCfg = Release|Any CPU
		{96E58384-97DD-4589-A2E6-AB8A133662DB}.Release|Any CPU.Build.0 = Release|Any CPU
		{B9648A05-9620-4248-A939-31005DCE1B10}.Debug|Any CPU.ActiveCfg = Debug
		{B9648A05-9620-4248-A939-31005DCE1B10}.Release|Any CPU.ActiveCfg = Release
	EndGlobalSection
	GlobalSection(SolutionProperties) = preSolution
		HideSolutionNode = FALSE
	EndGlobalSection
EndGlobal
